{
  "name": "cs701_hw1_villagomez",
  "version": "1.0.0",
  "lockfileVersion": 3,
  "requires": true,
  "packages": {
    "": {
      "name": "cs701_hw1_villagomez",
      "version": "1.0.0",
      "license": "ISC",
      "devDependencies": {
        "jest-canvas-mock": "^2.5.0"
      }
    },
    "node_modules/color-name": {
      "version": "1.1.4",
      "resolved": "https://registry.npmjs.org/color-name/-/color-name-1.1.4.tgz",
      "integrity": "sha512-dOy+3AuW3a2wNbZHIuMZpTcgjGuLU/uBL/ubcZF9OXbDo8ff4O8yVp5Bf0efS8uEoYo5q4Fx7dY9OgQGXgAsQA==",
      "dev": true
    },
    "node_modules/cssfontparser": {
      "version": "1.2.1",
      "resolved": "https://registry.npmjs.org/cssfontparser/-/cssfontparser-1.2.1.tgz",
      "integrity": "sha512-6tun4LoZnj7VN6YeegOVb67KBX/7JJsqvj+pv3ZA7F878/eN33AbGa5b/S/wXxS/tcp8nc40xRUrsPlxIyNUPg==",
      "dev": true
    },
    "node_modules/jest-canvas-mock": {
      "version": "2.5.0",
      "resolved": "https://registry.npmjs.org/jest-canvas-mock/-/jest-canvas-mock-2.5.0.tgz",
      "integrity": "sha512-s2bmY2f22WPMzhB2YA93kiyf7CAfWAnV/sFfY9s48IVOrGmwui1eSFluDPesq1M+7tSC1hJAit6mzO0ZNXvVBA==",
      "dev": true,
      "dependencies": {
        "cssfontparser": "^1.2.1",
        "moo-color": "^1.0.2"
      }
    },
    "node_modules/moo-color": {
      "version": "1.0.3",
      "resolved": "https://registry.npmjs.org/moo-color/-/moo-color-1.0.3.tgz",
      "integrity": "sha512-i/+ZKXMDf6aqYtBhuOcej71YSlbjT3wCO/4H1j8rPvxDJEifdwgg5MaFyu6iYAT8GBZJg2z0dkgK4YMzvURALQ==",
      "dev": true,
      "dependencies": {
        "color-name": "^1.1.4"
      }
    }
  }
}
